
Microsoft Visual Studio Solution File, Format Version 12.00
# Visual Studio Version 17
VisualStudioVersion = 17.9.34728.123
MinimumVisualStudioVersion = 10.0.40219.1
Project("{FAE04EC0-301F-11D3-BF4B-00C04F79EFBC}") = "WebApplication3", "WebApplication3\WebApplication3.csproj", "{AFC5E602-68A3-4E59-B153-76F333C2520A}"
EndProject
Global
	GlobalSection(SolutionConfigurationPlatforms) = preSolution
		Debug|Any CPU = Debug|Any CPU
		Release|Any CPU = Release|Any CPU
	EndGlobalSection
	GlobalSection(ProjectConfigurationPlatforms) = postSolution
		{AFC5E602-68A3-4E59-B153-76F333C2520A}.Debug|Any CPU.ActiveCfg = Debug|Any CPU
		{AFC5E602-68A3-4E59-B153-76F333C2520A}.Debug|Any CPU.Build.0 = Debug|Any CPU
		{AFC5E602-68A3-4E59-B153-76F333C2520A}.Release|Any CPU.ActiveCfg = Release|Any CPU
		{AFC5E602-68A3-4E59-B153-76F333C2520A}.Release|Any CPU.Build.0 = Release|Any CPU
	EndGlobalSection
	GlobalSection(SolutionProperties) = preSolution
		HideSolutionNode = FALSE
	EndGlobalSection
	GlobalSection(ExtensibilityGlobals) = postSolution
		SolutionGuid = {DB1C945D-0897-4699-B378-9480028A8BBF}
	EndGlobalSection
EndGlobal
